
Microsoft Visual Studio Solution File, Format Version 12.00
# Visual Studio Version 16
VisualStudioVersion = 16.0.30128.74
MinimumVisualStudioVersion = 10.0.40219.1
Project("{FAE04EC0-301F-11D3-BF4B-00C04F79EFBC}") = "ContactListFredy", "ContactListFredy\ContactListFredy.csproj", "{ACFD5661-1885-4F57-8214-60C0073D4047}"
EndProject
Global
	GlobalSection(SolutionConfigurationPlatforms) = preSolution
		Debug|Any CPU = Debug|Any CPU
		Release|Any CPU = Release|Any CPU
	EndGlobalSection
	GlobalSection(ProjectConfigurationPlatforms) = postSolution
		{ACFD5661-1885-4F57-8214-60C0073D4047}.Debug|Any CPU.ActiveCfg = Debug|Any CPU
		{ACFD5661-1885-4F57-8214-60C0073D4047}.Debug|Any CPU.Build.0 = Debug|Any CPU
		{ACFD5661-1885-4F57-8214-60C0073D4047}.Release|Any CPU.ActiveCfg = Release|Any CPU
		{ACFD5661-1885-4F57-8214-60C0073D4047}.Release|Any CPU.Build.0 = Release|Any CPU
	EndGlobalSection
	GlobalSection(SolutionProperties) = preSolution
		HideSolutionNode = FALSE
	EndGlobalSection
	GlobalSection(ExtensibilityGlobals) = postSolution
		SolutionGuid = {EC5D52DF-5838-4F39-AD4D-040C2A28376B}
	EndGlobalSection
EndGlobal
